{
  "version": 4,
  "terraform_version": "0.12.24",
  "serial": 109,
  "lineage": "9f9df598-a19d-593c-5e5e-831325e06316",
  "outputs": {
    "haproxy_floating_ip": {
      "value": [
        "10.1.1.70"
      ],
      "type": [
        "tuple",
        [
          "string"
        ]
      ]
    },
    "haproxy_name": {
      "value": [
        "a.z.e.p-HAPROXY"
      ],
      "type": [
        "tuple",
        [
          "string"
        ]
      ]
    },
    "web_1_floating_ip": {
      "value": [
        "10.1.1.98"
      ],
      "type": [
        "tuple",
        [
          "string"
        ]
      ]
    },
    "web_1_name": {
      "value": [
        "a.z.e.p-WEBSERVER-01"
      ],
      "type": [
        "tuple",
        [
          "string"
        ]
      ]
    },
    "web_2_floating_ip": {
      "value": [
        "10.1.1.47"
      ],
      "type": [
        "tuple",
        [
          "string"
        ]
      ]
    },
    "web_2_name": {
      "value": [
        "a.z.e.p-WEBSERVER-02"
      ],
      "type": [
        "tuple",
        [
          "string"
        ]
      ]
    }
  },
  "resources": [
    {
      "module": "module.haproxy",
      "mode": "managed",
      "type": "openstack_compute_floatingip_associate_v2",
      "name": "floating_ip",
      "provider": "provider.openstack",
      "instances": [
        {
          "schema_version": 0,
          "attributes": {
            "fixed_ip": "",
            "floating_ip": "10.1.1.70",
            "id": "10.1.1.70/2c0e27e9-6f27-4f6c-8161-dcfd97e98e23/",
            "instance_id": "2c0e27e9-6f27-4f6c-8161-dcfd97e98e23",
            "region": "",
            "timeouts": null,
            "wait_until_associated": null
          },
          "private": "eyJlMmJmYjczMC1lY2FhLTExZTYtOGY4OC0zNDM2M2JjN2M0YzAiOnsiY3JlYXRlIjo2MDAwMDAwMDAwMDB9fQ==",
          "dependencies": [
            "module.haproxy.openstack_compute_instance_v2.instance",
            "module.haproxy.openstack_networking_floatingip_v2.floating_ip"
          ]
        }
      ]
    },
    {
      "module": "module.webserver_2",
      "mode": "managed",
      "type": "openstack_compute_floatingip_associate_v2",
      "name": "floating_ip",
      "provider": "provider.openstack",
      "instances": [
        {
          "schema_version": 0,
          "attributes": {
            "fixed_ip": "",
            "floating_ip": "10.1.1.47",
            "id": "10.1.1.47/bb6736d6-cd1a-4b77-83b3-db09ab32dbf0/",
            "instance_id": "bb6736d6-cd1a-4b77-83b3-db09ab32dbf0",
            "region": "",
            "timeouts": null,
            "wait_until_associated": null
          },
          "private": "eyJlMmJmYjczMC1lY2FhLTExZTYtOGY4OC0zNDM2M2JjN2M0YzAiOnsiY3JlYXRlIjo2MDAwMDAwMDAwMDB9fQ==",
          "dependencies": [
            "module.webserver_2.openstack_compute_instance_v2.instance",
            "module.webserver_2.openstack_networking_floatingip_v2.floating_ip"
          ]
        }
      ]
    },
    {
      "module": "module.webserver_1",
      "mode": "managed",
      "type": "openstack_compute_floatingip_associate_v2",
      "name": "floating_ip",
      "provider": "provider.openstack",
      "instances": [
        {
          "schema_version": 0,
          "attributes": {
            "fixed_ip": "",
            "floating_ip": "10.1.1.98",
            "id": "10.1.1.98/80cdb0c5-2a79-41b1-97f2-25c52fb5e0d0/",
            "instance_id": "80cdb0c5-2a79-41b1-97f2-25c52fb5e0d0",
            "region": "",
            "timeouts": null,
            "wait_until_associated": null
          },
          "private": "eyJlMmJmYjczMC1lY2FhLTExZTYtOGY4OC0zNDM2M2JjN2M0YzAiOnsiY3JlYXRlIjo2MDAwMDAwMDAwMDB9fQ==",
          "dependencies": [
            "module.webserver_1.openstack_compute_instance_v2.instance",
            "module.webserver_1.openstack_networking_floatingip_v2.floating_ip"
          ]
        }
      ]
    },
    {
      "module": "module.haproxy",
      "mode": "managed",
      "type": "openstack_compute_instance_v2",
      "name": "instance",
      "provider": "provider.openstack",
      "instances": [
        {
          "schema_version": 0,
          "attributes": {
            "access_ip_v4": "10.36.36.50",
            "access_ip_v6": "",
            "admin_pass": null,
            "all_metadata": {},
            "all_tags": [],
            "availability_zone": "nova",
            "block_device": [],
            "config_drive": null,
            "flavor_id": "b5b1e617-b266-4143-8dd5-73ea7918f62c",
            "flavor_name": "ns.2-2-20",
            "floating_ip": null,
            "force_delete": false,
            "id": "2c0e27e9-6f27-4f6c-8161-dcfd97e98e23",
            "image_id": "3ae8a53c-947c-4f48-a9a7-cef61ba98dea",
            "image_name": "ubuntu-18.04-server-cloudimg-amd64",
            "key_pair": "Instance",
            "metadata": null,
            "name": "a.z.e.p-HAPROXY",
            "network": [
              {
                "access_network": false,
                "fixed_ip_v4": "10.36.36.50",
                "fixed_ip_v6": "",
                "floating_ip": "",
                "mac": "fa:16:3e:8c:d5:b2",
                "name": "Net1",
                "port": "",
                "uuid": "58f3fc69-2cad-4497-bfd8-12125da5bd77"
              }
            ],
            "personality": [],
            "power_state": "active",
            "region": "",
            "scheduler_hints": [],
            "security_groups": [
              "default"
            ],
            "stop_before_destroy": false,
            "tags": null,
            "timeouts": null,
            "user_data": null,
            "vendor_options": [],
            "volume": []
          },
          "private": "eyJlMmJmYjczMC1lY2FhLTExZTYtOGY4OC0zNDM2M2JjN2M0YzAiOnsiY3JlYXRlIjoxODAwMDAwMDAwMDAwLCJkZWxldGUiOjE4MDAwMDAwMDAwMDAsInVwZGF0ZSI6MTgwMDAwMDAwMDAwMH19"
        }
      ]
    },
    {
      "module": "module.webserver_2",
      "mode": "managed",
      "type": "openstack_compute_instance_v2",
      "name": "instance",
      "provider": "provider.openstack",
      "instances": [
        {
          "schema_version": 0,
          "attributes": {
            "access_ip_v4": "10.36.36.52",
            "access_ip_v6": "",
            "admin_pass": null,
            "all_metadata": {},
            "all_tags": [],
            "availability_zone": "nova",
            "block_device": [],
            "config_drive": null,
            "flavor_id": "b5b1e617-b266-4143-8dd5-73ea7918f62c",
            "flavor_name": "ns.2-2-20",
            "floating_ip": null,
            "force_delete": false,
            "id": "bb6736d6-cd1a-4b77-83b3-db09ab32dbf0",
            "image_id": "e80800aa-1df7-44a9-bf31-7e04d7cbea4b",
            "image_name": "CentOS-7-x86_64-GenericCloud-1802.qcow2",
            "key_pair": "Instance",
            "metadata": null,
            "name": "a.z.e.p-WEBSERVER-02",
            "network": [
              {
                "access_network": false,
                "fixed_ip_v4": "10.36.36.52",
                "fixed_ip_v6": "",
                "floating_ip": "",
                "mac": "fa:16:3e:7b:55:97",
                "name": "Net1",
                "port": "",
                "uuid": "58f3fc69-2cad-4497-bfd8-12125da5bd77"
              }
            ],
            "personality": [],
            "power_state": "active",
            "region": "",
            "scheduler_hints": [],
            "security_groups": [
              "default"
            ],
            "stop_before_destroy": false,
            "tags": null,
            "timeouts": null,
            "user_data": null,
            "vendor_options": [],
            "volume": []
          },
          "private": "eyJlMmJmYjczMC1lY2FhLTExZTYtOGY4OC0zNDM2M2JjN2M0YzAiOnsiY3JlYXRlIjoxODAwMDAwMDAwMDAwLCJkZWxldGUiOjE4MDAwMDAwMDAwMDAsInVwZGF0ZSI6MTgwMDAwMDAwMDAwMH19"
        }
      ]
    },
    {
      "module": "module.webserver_1",
      "mode": "managed",
      "type": "openstack_compute_instance_v2",
      "name": "instance",
      "provider": "provider.openstack",
      "instances": [
        {
          "schema_version": 0,
          "attributes": {
            "access_ip_v4": "10.36.36.51",
            "access_ip_v6": "",
            "admin_pass": null,
            "all_metadata": {},
            "all_tags": [],
            "availability_zone": "nova",
            "block_device": [],
            "config_drive": null,
            "flavor_id": "b5b1e617-b266-4143-8dd5-73ea7918f62c",
            "flavor_name": "ns.2-2-20",
            "floating_ip": null,
            "force_delete": false,
            "id": "80cdb0c5-2a79-41b1-97f2-25c52fb5e0d0",
            "image_id": "3ae8a53c-947c-4f48-a9a7-cef61ba98dea",
            "image_name": "ubuntu-18.04-server-cloudimg-amd64",
            "key_pair": "Instance",
            "metadata": null,
            "name": "a.z.e.p-WEBSERVER-01",
            "network": [
              {
                "access_network": false,
                "fixed_ip_v4": "10.36.36.51",
                "fixed_ip_v6": "",
                "floating_ip": "",
                "mac": "fa:16:3e:d2:45:be",
                "name": "Net1",
                "port": "",
                "uuid": "58f3fc69-2cad-4497-bfd8-12125da5bd77"
              }
            ],
            "personality": [],
            "power_state": "active",
            "region": "",
            "scheduler_hints": [],
            "security_groups": [
              "default"
            ],
            "stop_before_destroy": false,
            "tags": null,
            "timeouts": null,
            "user_data": null,
            "vendor_options": [],
            "volume": []
          },
          "private": "eyJlMmJmYjczMC1lY2FhLTExZTYtOGY4OC0zNDM2M2JjN2M0YzAiOnsiY3JlYXRlIjoxODAwMDAwMDAwMDAwLCJkZWxldGUiOjE4MDAwMDAwMDAwMDAsInVwZGF0ZSI6MTgwMDAwMDAwMDAwMH19"
        }
      ]
    },
    {
      "module": "module.haproxy",
      "mode": "managed",
      "type": "openstack_networking_floatingip_v2",
      "name": "floating_ip",
      "provider": "provider.openstack",
      "instances": [
        {
          "schema_version": 0,
          "attributes": {
            "address": "10.1.1.70",
            "all_tags": [],
            "description": "",
            "dns_domain": "",
            "dns_name": "",
            "fixed_ip": "",
            "id": "255ebaf9-eb0a-488a-9e48-8a89fa62a56a",
            "pool": "extnet",
            "port_id": "",
            "region": "",
            "subnet_id": null,
            "tags": null,
            "tenant_id": "1ba944b46e48418b8be7915873e6f271",
            "timeouts": null,
            "value_specs": null
          },
          "private": "eyJlMmJmYjczMC1lY2FhLTExZTYtOGY4OC0zNDM2M2JjN2M0YzAiOnsiY3JlYXRlIjo2MDAwMDAwMDAwMDAsImRlbGV0ZSI6NjAwMDAwMDAwMDAwfX0="
        }
      ]
    },
    {
      "module": "module.webserver_2",
      "mode": "managed",
      "type": "openstack_networking_floatingip_v2",
      "name": "floating_ip",
      "provider": "provider.openstack",
      "instances": [
        {
          "schema_version": 0,
          "attributes": {
            "address": "10.1.1.47",
            "all_tags": [],
            "description": "",
            "dns_domain": "",
            "dns_name": "",
            "fixed_ip": "",
            "id": "c8adeb34-83d4-439d-8243-26addc36c82a",
            "pool": "extnet",
            "port_id": "",
            "region": "",
            "subnet_id": null,
            "tags": null,
            "tenant_id": "1ba944b46e48418b8be7915873e6f271",
            "timeouts": null,
            "value_specs": null
          },
          "private": "eyJlMmJmYjczMC1lY2FhLTExZTYtOGY4OC0zNDM2M2JjN2M0YzAiOnsiY3JlYXRlIjo2MDAwMDAwMDAwMDAsImRlbGV0ZSI6NjAwMDAwMDAwMDAwfX0="
        }
      ]
    },
    {
      "module": "module.webserver_1",
      "mode": "managed",
      "type": "openstack_networking_floatingip_v2",
      "name": "floating_ip",
      "provider": "provider.openstack",
      "instances": [
        {
          "schema_version": 0,
          "attributes": {
            "address": "10.1.1.98",
            "all_tags": [],
            "description": "",
            "dns_domain": "",
            "dns_name": "",
            "fixed_ip": "",
            "id": "d6781d37-80e9-4baa-8040-a628beab8dcc",
            "pool": "extnet",
            "port_id": "",
            "region": "",
            "subnet_id": null,
            "tags": null,
            "tenant_id": "1ba944b46e48418b8be7915873e6f271",
            "timeouts": null,
            "value_specs": null
          },
          "private": "eyJlMmJmYjczMC1lY2FhLTExZTYtOGY4OC0zNDM2M2JjN2M0YzAiOnsiY3JlYXRlIjo2MDAwMDAwMDAwMDAsImRlbGV0ZSI6NjAwMDAwMDAwMDAwfX0="
        }
      ]
    }
  ]
}
